
Microsoft Visual Studio Solution File, Format Version 12.00
# Visual Studio Version 16
VisualStudioVersion = 16.0.31025.194
MinimumVisualStudioVersion = 10.0.40219.1
Project("{9A19103F-16F7-4668-BE54-9A1E7A4F7556}") = "version-injetor", "version-injetor\version-injetor.csproj", "{36BF659E-BC86-4EE6-83A1-514CAD7DBF0A}"
EndProject
Global
	GlobalSection(SolutionConfigurationPlatforms) = preSolution
		Debug|Any CPU = Debug|Any CPU
		Release|Any CPU = Release|Any CPU
	EndGlobalSection
	GlobalSection(ProjectConfigurationPlatforms) = postSolution
		{36BF659E-BC86-4EE6-83A1-514CAD7DBF0A}.Debug|Any CPU.ActiveCfg = Debug|Any CPU
		{36BF659E-BC86-4EE6-83A1-514CAD7DBF0A}.Debug|Any CPU.Build.0 = Debug|Any CPU
		{36BF659E-BC86-4EE6-83A1-514CAD7DBF0A}.Release|Any CPU.ActiveCfg = Release|Any CPU
		{36BF659E-BC86-4EE6-83A1-514CAD7DBF0A}.Release|Any CPU.Build.0 = Release|Any CPU
	EndGlobalSection
	GlobalSection(SolutionProperties) = preSolution
		HideSolutionNode = FALSE
	EndGlobalSection
	GlobalSection(ExtensibilityGlobals) = postSolution
		SolutionGuid = {86805186-3AFC-4164-BFD8-B456B84619B1}
	EndGlobalSection
EndGlobal
